// !$*UTF8*$!
{
	archiveVersion = 1;
	classes = {
	};
	objectVersion = 46;
	objects = {

/* Begin PBXBuildFile section */
		72D644DA13ABFDBB001814C7 /* UIKit.framework in Frameworks */ = {isa = PBXBuildFile; fileRef = 72D644D913ABFDBB001814C7 /* UIKit.framework */; };
		72D644DC13ABFDBB001814C7 /* Foundation.framework in Frameworks */ = {isa = PBXBuildFile; fileRef = 72D644DB13ABFDBB001814C7 /* Foundation.framework */; };
		72D644DE13ABFDBB001814C7 /* CoreGraphics.framework in Frameworks */ = {isa = PBXBuildFile; fileRef = 72D644DD13ABFDBB001814C7 /* CoreGraphics.framework */; };
		72D644E413ABFDBB001814C7 /* InfoPlist.strings in Resources */ = {isa = PBXBuildFile; fileRef = 72D644E213ABFDBB001814C7 /* InfoPlist.strings */; };
		72D644E613ABFDBB001814C7 /* main.m in Sources */ = {isa = PBXBuildFile; fileRef = 72D644E513ABFDBB001814C7 /* main.m */; };
		72D644EA13ABFDBB001814C7 /* WhiteCatAppDelegate.m in Sources */ = {isa = PBXBuildFile; fileRef = 72D644E913ABFDBB001814C7 /* WhiteCatAppDelegate.m */; };
		72D644F213ABFDBB001814C7 /* SenTestingKit.framework in Frameworks */ = {isa = PBXBuildFile; fileRef = 72D644F113ABFDBB001814C7 /* SenTestingKit.framework */; };
		72D644F313ABFDBB001814C7 /* UIKit.framework in Frameworks */ = {isa = PBXBuildFile; fileRef = 72D644D913ABFDBB001814C7 /* UIKit.framework */; };
		72D644F413ABFDBB001814C7 /* Foundation.framework in Frameworks */ = {isa = PBXBuildFile; fileRef = 72D644DB13ABFDBB001814C7 /* Foundation.framework */; };
		72D644F513ABFDBB001814C7 /* CoreGraphics.framework in Frameworks */ = {isa = PBXBuildFile; fileRef = 72D644DD13ABFDBB001814C7 /* CoreGraphics.framework */; };
		72D644FD13ABFDBB001814C7 /* InfoPlist.strings in Resources */ = {isa = PBXBuildFile; fileRef = 72D644FB13ABFDBB001814C7 /* InfoPlist.strings */; };
		72D644FF13ABFDBB001814C7 /* WhiteCatTests.h in Resources */ = {isa = PBXBuildFile; fileRef = 72D644FE13ABFDBB001814C7 /* WhiteCatTests.h */; };
		72D6450113ABFDBB001814C7 /* WhiteCatTests.m in Sources */ = {isa = PBXBuildFile; fileRef = 72D6450013ABFDBB001814C7 /* WhiteCatTests.m */; };
/* End PBXBuildFile section */

/* Begin PBXContainerItemProxy section */
		72D644F613ABFDBB001814C7 /* PBXContainerItemProxy */ = {
			isa = PBXContainerItemProxy;
			containerPortal = 72D644CC13ABFDB1001814C7 /* Project object */;
			proxyType = 1;
			remoteGlobalIDString = 72D644D413ABFDB1001814C7;
			remoteInfo = WhiteCat;
		};
/* End PBXContainerItemProxy section */

/* Begin PBXFileReference section */
		72D644D513ABFDBB001814C7 /* WhiteCat.app */ = {isa = PBXFileReference; explicitFileType = wrapper.application; includeInIndex = 0; path = WhiteCat.app; sourceTree = BUILT_PRODUCTS_DIR; };
		72D644D913ABFDBB001814C7 /* UIKit.framework */ = {isa = PBXFileReference; lastKnownFileType = wrapper.framework; name = UIKit.framework; path = System/Library/Frameworks/UIKit.framework; sourceTree = SDKROOT; };
		72D644DB13ABFDBB001814C7 /* Foundation.framework */ = {isa = PBXFileReference; lastKnownFileType = wrapper.framework; name = Foundation.framework; path = System/Library/Frameworks/Foundation.framework; sourceTree = SDKROOT; };
		72D644DD13ABFDBB001814C7 /* CoreGraphics.framework */ = {isa = PBXFileReference; lastKnownFileType = wrapper.framework; name = CoreGraphics.framework; path = System/Library/Frameworks/CoreGraphics.framework; sourceTree = SDKROOT; };
		72D644E113ABFDBB001814C7 /* WhiteCat-Info.plist */ = {isa = PBXFileReference; lastKnownFileType = text.plist.xml; path = "WhiteCat-Info.plist"; sourceTree = "<group>"; };
		72D644E313ABFDBB001814C7 /* en */ = {isa = PBXFileReference; lastKnownFileType = text.plist.strings; name = en; path = en.lproj/InfoPlist.strings; sourceTree = "<group>"; };
		72D644E513ABFDBB001814C7 /* main.m */ = {isa = PBXFileReference; lastKnownFileType = sourcecode.c.objc; path = main.m; sourceTree = "<group>"; };
		72D644E713ABFDBB001814C7 /* WhiteCat-Prefix.pch */ = {isa = PBXFileReference; lastKnownFileType = sourcecode.c.h; path = "WhiteCat-Prefix.pch"; sourceTree = "<group>"; };
		72D644E813ABFDBB001814C7 /* WhiteCatAppDelegate.h */ = {isa = PBXFileReference; lastKnownFileType = sourcecode.c.h; path = WhiteCatAppDelegate.h; sourceTree = "<group>"; };
		72D644E913ABFDBB001814C7 /* WhiteCatAppDelegate.m */ = {isa = PBXFileReference; lastKnownFileType = sourcecode.c.objc; path = WhiteCatAppDelegate.m; sourceTree = "<group>"; };
		72D644F013ABFDBB001814C7 /* WhiteCatTests.octest */ = {isa = PBXFileReference; explicitFileType = wrapper.cfbundle; includeInIndex = 0; path = WhiteCatTests.octest; sourceTree = BUILT_PRODUCTS_DIR; };
		72D644F113ABFDBB001814C7 /* SenTestingKit.framework */ = {isa = PBXFileReference; lastKnownFileType = wrapper.framework; name = SenTestingKit.framework; path = Library/Frameworks/SenTestingKit.framework; sourceTree = DEVELOPER_DIR; };
		72D644FA13ABFDBB001814C7 /* WhiteCatTests-Info.plist */ = {isa = PBXFileReference; lastKnownFileType = text.plist.xml; path = "WhiteCatTests-Info.plist"; sourceTree = "<group>"; };
		72D644FC13ABFDBB001814C7 /* en */ = {isa = PBXFileReference; lastKnownFileType = text.plist.strings; name = en; path = en.lproj/InfoPlist.strings; sourceTree = "<group>"; };
		72D644FE13ABFDBB001814C7 /* WhiteCatTests.h */ = {isa = PBXFileReference; lastKnownFileType = sourcecode.c.h; path = WhiteCatTests.h; sourceTree = "<group>"; };
		72D6450013ABFDBB001814C7 /* WhiteCatTests.m */ = {isa = PBXFileReference; lastKnownFileType = sourcecode.c.objc; path = WhiteCatTests.m; sourceTree = "<group>"; };
/* End PBXFileReference section */

/* Begin PBXFrameworksBuildPhase section */
		72D644D213ABFDB1001814C7 /* Frameworks */ = {
			isa = PBXFrameworksBuildPhase;
			buildActionMask = 2147483647;
			files = (
				72D644DA13ABFDBB001814C7 /* UIKit.framework in Frameworks */,
				72D644DC13ABFDBB001814C7 /* Foundation.framework in Frameworks */,
				72D644DE13ABFDBB001814C7 /* CoreGraphics.framework in Frameworks */,
			);
			runOnlyForDeploymentPostprocessing = 0;
		};
		72D644EC13ABFDBB001814C7 /* Frameworks */ = {
			isa = PBXFrameworksBuildPhase;
			buildActionMask = 2147483647;
			files = (
				72D644F213ABFDBB001814C7 /* SenTestingKit.framework in Frameworks */,
				72D644F313ABFDBB001814C7 /* UIKit.framework in Frameworks */,
				72D644F413ABFDBB001814C7 /* Foundation.framework in Frameworks */,
				72D644F513ABFDBB001814C7 /* CoreGraphics.framework in Frameworks */,
			);
			runOnlyForDeploymentPostprocessing = 0;
		};
/* End PBXFrameworksBuildPhase section */

/* Begin PBXGroup section */
		72D644CA13ABFDB1001814C7 = {
			isa = PBXGroup;
			children = (
				72D644DF13ABFDBB001814C7 /* WhiteCat */,
				72D644F813ABFDBB001814C7 /* WhiteCatTests */,
				72D644D813ABFDBB001814C7 /* Frameworks */,
				72D644D613ABFDBB001814C7 /* Products */,
			);
			sourceTree = "<group>";
		};
		72D644D613ABFDBB001814C7 /* Products */ = {
			isa = PBXGroup;
			children = (
				72D644D513ABFDBB001814C7 /* WhiteCat.app */,
				72D644F013ABFDBB001814C7 /* WhiteCatTests.octest */,
			);
			name = Products;
			sourceTree = "<group>";
		};
		72D644D813ABFDBB001814C7 /* Frameworks */ = {
			isa = PBXGroup;
			children = (
				72D644D913ABFDBB001814C7 /* UIKit.framework */,
				72D644DB13ABFDBB001814C7 /* Foundation.framework */,
				72D644DD13ABFDBB001814C7 /* CoreGraphics.framework */,
				72D644F113ABFDBB001814C7 /* SenTestingKit.framework */,
			);
			name = Frameworks;
			sourceTree = "<group>";
		};
		72D644DF13ABFDBB001814C7 /* WhiteCat */ = {
			isa = PBXGroup;
			children = (
				72D644E813ABFDBB001814C7 /* WhiteCatAppDelegate.h */,
				72D644E913ABFDBB001814C7 /* WhiteCatAppDelegate.m */,
				72D644E013ABFDBB001814C7 /* Supporting Files */,
			);
			path = WhiteCat;
			sourceTree = "<group>";
		};
		72D644E013ABFDBB001814C7 /* Supporting Files */ = {
			isa = PBXGroup;
			children = (
				72D644E113ABFDBB001814C7 /* WhiteCat-Info.plist */,
				72D644E213ABFDBB001814C7 /* InfoPlist.strings */,
				72D644E513ABFDBB001814C7 /* main.m */,
				72D644E713ABFDBB001814C7 /* WhiteCat-Prefix.pch */,
			);
			name = "Supporting Files";
			sourceTree = "<group>";
		};
		72D644F813ABFDBB001814C7 /* WhiteCatTests */ = {
			isa = PBXGroup;
			children = (
				72D644FE13ABFDBB001814C7 /* WhiteCatTests.h */,
				72D6450013ABFDBB001814C7 /* WhiteCatTests.m */,
				72D644F913ABFDBB001814C7 /* Supporting Files */,
			);
			path = WhiteCatTests;
			sourceTree = "<group>";
		};
		72D644F913ABFDBB001814C7 /* Supporting Files */ = {
			isa = PBXGroup;
			children = (
				72D644FA13ABFDBB001814C7 /* WhiteCatTests-Info.plist */,
				72D644FB13ABFDBB001814C7 /* InfoPlist.strings */,
			);
			name = "Supporting Files";
			sourceTree = "<group>";
		};
/* End PBXGroup section */

/* Begin PBXNativeTarget section */
		72D644D413ABFDB1001814C7 /* WhiteCat */ = {
			isa = PBXNativeTarget;
			buildConfigurationList = 72D6450413ABFDBB001814C7 /* Build configuration list for PBXNativeTarget "WhiteCat" */;
			buildPhases = (
				72D644D113ABFDB1001814C7 /* Sources */,
				72D644D213ABFDB1001814C7 /* Frameworks */,
				72D644D313ABFDB1001814C7 /* Resources */,
			);
			buildRules = (
			);
			dependencies = (
			);
			name = WhiteCat;
			productName = WhiteCat;
			productReference = 72D644D513ABFDBB001814C7 /* WhiteCat.app */;
			productType = "com.apple.product-type.application";
		};
		72D644EF13ABFDBB001814C7 /* WhiteCatTests */ = {
			isa = PBXNativeTarget;
			buildConfigurationList = 72D6450713ABFDBB001814C7 /* Build configuration list for PBXNativeTarget "WhiteCatTests" */;
			buildPhases = (
				72D644EB13ABFDBB001814C7 /* Sources */,
				72D644EC13ABFDBB001814C7 /* Frameworks */,
				72D644ED13ABFDBB001814C7 /* Resources */,
				72D644EE13ABFDBB001814C7 /* ShellScript */,
			);
			buildRules = (
			);
			dependencies = (
				72D644F713ABFDBB001814C7 /* PBXTargetDependency */,
			);
			name = WhiteCatTests;
			productName = WhiteCatTests;
			productReference = 72D644F013ABFDBB001814C7 /* WhiteCatTests.octest */;
			productType = "com.apple.product-type.bundle";
		};
/* End PBXNativeTarget section */

/* Begin PBXProject section */
		72D644CC13ABFDB1001814C7 /* Project object */ = {
			isa = PBXProject;
			buildConfigurationList = 72D644CF13ABFDB1001814C7 /* Build configuration list for PBXProject "WhiteCat" */;
			compatibilityVersion = "Xcode 3.2";
			developmentRegion = English;
			hasScannedForEncodings = 0;
			knownRegions = (
				en,
			);
			mainGroup = 72D644CA13ABFDB1001814C7;
			productRefGroup = 72D644D613ABFDBB001814C7 /* Products */;
			projectDirPath = "";
			projectRoot = "";
			targets = (
				72D644D413ABFDB1001814C7 /* WhiteCat */,
				72D644EF13ABFDBB001814C7 /* WhiteCatTests */,
			);
		};
/* End PBXProject section */

/* Begin PBXResourcesBuildPhase section */
		72D644D313ABFDB1001814C7 /* Resources */ = {
			isa = PBXResourcesBuildPhase;
			buildActionMask = 2147483647;
			files = (
				72D644E413ABFDBB001814C7 /* InfoPlist.strings in Resources */,
			);
			runOnlyForDeploymentPostprocessing = 0;
		};
		72D644ED13ABFDBB001814C7 /* Resources */ = {
			isa = PBXResourcesBuildPhase;
			buildActionMask = 2147483647;
			files = (
				72D644FD13ABFDBB001814C7 /* InfoPlist.strings in Resources */,
				72D644FF13ABFDBB001814C7 /* WhiteCatTests.h in Resources */,
			);
			runOnlyForDeploymentPostprocessing = 0;
		};
/* End PBXResourcesBuildPhase section */

/* Begin PBXShellScriptBuildPhase section */
		72D644EE13ABFDBB001814C7 /* ShellScript */ = {
			isa = PBXShellScriptBuildPhase;
			buildActionMask = 2147483647;
			files = (
			);
			inputPaths = (
			);
			outputPaths = (
			);
			runOnlyForDeploymentPostprocessing = 0;
			shellPath = /bin/sh;
			shellScript = "# Run the unit tests in this test bundle.\n\"${SYSTEM_DEVELOPER_DIR}/Tools/RunUnitTests\"\n";
		};
/* End PBXShellScriptBuildPhase section */

/* Begin PBXSourcesBuildPhase section */
		72D644D113ABFDB1001814C7 /* Sources */ = {
			isa = PBXSourcesBuildPhase;
			buildActionMask = 2147483647;
			files = (
				72D644E613ABFDBB001814C7 /* main.m in Sources */,
				72D644EA13ABFDBB001814C7 /* WhiteCatAppDelegate.m in Sources */,
			);
			runOnlyForDeploymentPostprocessing = 0;
		};
		72D644EB13ABFDBB001814C7 /* Sources */ = {
			isa = PBXSourcesBuildPhase;
			buildActionMask = 2147483647;
			files = (
				72D6450113ABFDBB001814C7 /* WhiteCatTests.m in Sources */,
			);
			runOnlyForDeploymentPostprocessing = 0;
		};
/* End PBXSourcesBuildPhase section */

/* Begin PBXTargetDependency section */
		72D644F713ABFDBB001814C7 /* PBXTargetDependency */ = {
			isa = PBXTargetDependency;
			target = 72D644D413ABFDB1001814C7 /* WhiteCat */;
			targetProxy = 72D644F613ABFDBB001814C7 /* PBXContainerItemProxy */;
		};
/* End PBXTargetDependency section */

/* Begin PBXVariantGroup section */
		72D644E213ABFDBB001814C7 /* InfoPlist.strings */ = {
			isa = PBXVariantGroup;
			children = (
				72D644E313ABFDBB001814C7 /* en */,
			);
			name = InfoPlist.strings;
			sourceTree = "<group>";
		};
		72D644FB13ABFDBB001814C7 /* InfoPlist.strings */ = {
			isa = PBXVariantGroup;
			children = (
				72D644FC13ABFDBB001814C7 /* en */,
			);
			name = InfoPlist.strings;
			sourceTree = "<group>";
		};
/* End PBXVariantGroup section */

/* Begin XCBuildConfiguration section */
		72D6450213ABFDBB001814C7 /* Debug */ = {
			isa = XCBuildConfiguration;
			buildSettings = {
				ALWAYS_SEARCH_USER_PATHS = NO;
				ARCHS = "$(ARCHS_STANDARD_32_BIT)";
				CLANG_ENABLE_OBJC_ARC = YES;
				"CODE_SIGN_IDENTITY[sdk=iphoneos*]" = "iPhone Developer";
				COPY_PHASE_STRIP = NO;
				GCC_C_LANGUAGE_STANDARD = gnu99;
				GCC_DYNAMIC_NO_PIC = NO;
				GCC_OPTIMIZATION_LEVEL = 0;
				GCC_PREPROCESSOR_DEFINITIONS = (
					"DEBUG=1",
					"$(inherited)",
				);
				GCC_SYMBOLS_PRIVATE_EXTERN = NO;
				GCC_VERSION = com.apple.compilers.llvm.clang.1_0;
				GCC_WARN_ABOUT_MISSING_PROTOTYPES = YES;
				GCC_WARN_ABOUT_RETURN_TYPE = YES;
				GCC_WARN_UNUSED_VARIABLE = YES;
				IPHONEOS_DEPLOYMENT_TARGET = 5.0;
				SDKROOT = iphoneos;
				TARGETED_DEVICE_FAMILY = "1,2";
			};
			name = Debug;
		};
		72D6450313ABFDBB001814C7 /* Release */ = {
			isa = XCBuildConfiguration;
			buildSettings = {
				ALWAYS_SEARCH_USER_PATHS = NO;
				ARCHS = "$(ARCHS_STANDARD_32_BIT)";
				CLANG_ENABLE_OBJC_ARC = YES;
				"CODE_SIGN_IDENTITY[sdk=iphoneos*]" = "iPhone Developer";
				COPY_PHASE_STRIP = YES;
				GCC_C_LANGUAGE_STANDARD = gnu99;
				GCC_VERSION = com.apple.compilers.llvm.clang.1_0;
				GCC_WARN_ABOUT_MISSING_PROTOTYPES = YES;
				GCC_WARN_ABOUT_RETURN_TYPE = YES;
				GCC_WARN_UNUSED_VARIABLE = YES;
				IPHONEOS_DEPLOYMENT_TARGET = 5.0;
				OTHER_CFLAGS = "-DNS_BLOCK_ASSERTIONS=1";
				SDKROOT = iphoneos;
				TARGETED_DEVICE_FAMILY = "1,2";
				VALIDATE_PRODUCT = YES;
			};
			name = Release;
		};
		72D6450513ABFDBB001814C7 /* Debug */ = {
			isa = XCBuildConfiguration;
			buildSettings = {
				GCC_PRECOMPILE_PREFIX_HEADER = YES;
				GCC_PREFIX_HEADER = "WhiteCat/WhiteCat-Prefix.pch";
				INFOPLIST_FILE = "WhiteCat/WhiteCat-Info.plist";
				PRODUCT_NAME = "$(TARGET_NAME)";
				WRAPPER_EXTENSION = app;
			};
			name = Debug;
		};
		72D6450613ABFDBB001814C7 /* Release */ = {
			isa = XCBuildConfiguration;
			buildSettings = {
				GCC_PRECOMPILE_PREFIX_HEADER = YES;
				GCC_PREFIX_HEADER = "WhiteCat/WhiteCat-Prefix.pch";
				INFOPLIST_FILE = "WhiteCat/WhiteCat-Info.plist";
				PRODUCT_NAME = "$(TARGET_NAME)";
				WRAPPER_EXTENSION = app;
			};
			name = Release;
		};
		72D6450813ABFDBB001814C7 /* Debug */ = {
			isa = XCBuildConfiguration;
			buildSettings = {
				BUNDLE_LOADER = "$(BUILT_PRODUCTS_DIR)/WhiteCat.app/WhiteCat";
				FRAMEWORK_SEARCH_PATHS = (
					"$(SDKROOT)/Developer/Library/Frameworks",
					"$(DEVELOPER_LIBRARY_DIR)/Frameworks",
				);
				GCC_PRECOMPILE_PREFIX_HEADER = YES;
				GCC_PREFIX_HEADER = "WhiteCat/WhiteCat-Prefix.pch";
				INFOPLIST_FILE = "WhiteCatTests/WhiteCatTests-Info.plist";
				PRODUCT_NAME = "$(TARGET_NAME)";
				TEST_HOST = "$(BUNDLE_LOADER)";
				WRAPPER_EXTENSION = octest;
			};
			name = Debug;
		};
		72D6450913ABFDBB001814C7 /* Release */ = {
			isa = XCBuildConfiguration;
			buildSettings = {
				BUNDLE_LOADER = "$(BUILT_PRODUCTS_DIR)/WhiteCat.app/WhiteCat";
				FRAMEWORK_SEARCH_PATHS = (
					"$(SDKROOT)/Developer/Library/Frameworks",
					"$(DEVELOPER_LIBRARY_DIR)/Frameworks",
				);
				GCC_PRECOMPILE_PREFIX_HEADER = YES;
				GCC_PREFIX_HEADER = "WhiteCat/WhiteCat-Prefix.pch";
				INFOPLIST_FILE = "WhiteCatTests/WhiteCatTests-Info.plist";
				PRODUCT_NAME = "$(TARGET_NAME)";
				TEST_HOST = "$(BUNDLE_LOADER)";
				WRAPPER_EXTENSION = octest;
			};
			name = Release;
		};
/* End XCBuildConfiguration section */

/* Begin XCConfigurationList section */
		72D644CF13ABFDB1001814C7 /* Build configuration list for PBXProject "WhiteCat" */ = {
			isa = XCConfigurationList;
			buildConfigurations = (
				72D6450213ABFDBB001814C7 /* Debug */,
				72D6450313ABFDBB001814C7 /* Release */,
			);
			defaultConfigurationIsVisible = 0;
			defaultConfigurationName = Release;
		};
		72D6450413ABFDBB001814C7 /* Build configuration list for PBXNativeTarget "WhiteCat" */ = {
			isa = XCConfigurationList;
			buildConfigurations = (
				72D6450513ABFDBB001814C7 /* Debug */,
				72D6450613ABFDBB001814C7 /* Release */,
			);
			defaultConfigurationIsVisible = 0;
		};
		72D6450713ABFDBB001814C7 /* Build configuration list for PBXNativeTarget "WhiteCatTests" */ = {
			isa = XCConfigurationList;
			buildConfigurations = (
				72D6450813ABFDBB001814C7 /* Debug */,
				72D6450913ABFDBB001814C7 /* Release */,
			);
			defaultConfigurationIsVisible = 0;
		};
/* End XCConfigurationList section */
	};
	rootObject = 72D644CC13ABFDB1001814C7 /* Project object */;
}
